
Microsoft Visual Studio Solution File, Format Version 12.00
# Visual Studio Version 17
VisualStudioVersion = 17.2.32616.157
MinimumVisualStudioVersion = 10.0.40219.1
Project("{FAE04EC0-301F-11D3-BF4B-00C04F79EFBC}") = "ActionDemo_NetFrameWork", "ActionDemo_NetFrameWork\ActionDemo_NetFrameWork.csproj", "{6783C501-BC81-4802-A0D5-4B4476C8085D}"
EndProject
Project("{FAE04EC0-301F-11D3-BF4B-00C04F79EFBC}") = "ActionDemo_NetFrameWorkTest", "ActionDemo_NetFrameWorkTest\ActionDemo_NetFrameWorkTest.csproj", "{903E82B1-2D72-4DBC-A05B-52D42DBC6EE4}"
EndProject
Global
	GlobalSection(SolutionConfigurationPlatforms) = preSolution
		Debug|Any CPU = Debug|Any CPU
		Release|Any CPU = Release|Any CPU
	EndGlobalSection
	GlobalSection(ProjectConfigurationPlatforms) = postSolution
		{6783C501-BC81-4802-A0D5-4B4476C8085D}.Debug|Any CPU.ActiveCfg = Debug|Any CPU
		{6783C501-BC81-4802-A0D5-4B4476C8085D}.Debug|Any CPU.Build.0 = Debug|Any CPU
		{6783C501-BC81-4802-A0D5-4B4476C8085D}.Release|Any CPU.ActiveCfg = Release|Any CPU
		{6783C501-BC81-4802-A0D5-4B4476C8085D}.Release|Any CPU.Build.0 = Release|Any CPU
		{903E82B1-2D72-4DBC-A05B-52D42DBC6EE4}.Debug|Any CPU.ActiveCfg = Debug|Any CPU
		{903E82B1-2D72-4DBC-A05B-52D42DBC6EE4}.Debug|Any CPU.Build.0 = Debug|Any CPU
		{903E82B1-2D72-4DBC-A05B-52D42DBC6EE4}.Release|Any CPU.ActiveCfg = Release|Any CPU
		{903E82B1-2D72-4DBC-A05B-52D42DBC6EE4}.Release|Any CPU.Build.0 = Release|Any CPU
	EndGlobalSection
	GlobalSection(SolutionProperties) = preSolution
		HideSolutionNode = FALSE
	EndGlobalSection
	GlobalSection(ExtensibilityGlobals) = postSolution
		SolutionGuid = {68C9412F-7B3B-40D5-91CD-797FD6389858}
	EndGlobalSection
EndGlobal
